
Microsoft Visual Studio Solution File, Format Version 12.00
# Visual Studio Version 17
VisualStudioVersion = 17.4.33122.133
MinimumVisualStudioVersion = 10.0.40219.1
Project("{9A19103F-16F7-4668-BE54-9A1E7A4F7556}") = "Task", "Task\Task.csproj", "{FE683F03-F29E-46E4-83B5-AB91F62428C3}"
EndProject
Project("{9A19103F-16F7-4668-BE54-9A1E7A4F7556}") = "Gladiators.API", "Gladiators.API\Gladiators.API.csproj", "{3943F83B-C503-4F62-886C-CDB487520597}"
EndProject
Project("{2150E333-8FDC-42A3-9474-1A3956D46DE8}") = "common", "common", "{64317DD8-D93E-47AC-9EA0-EF01DD8230E5}"
EndProject
Project("{2150E333-8FDC-42A3-9474-1A3956D46DE8}") = "src", "src", "{0FF2F1C7-9FE4-45D6-9890-1890BA80BAE6}"
EndProject
Project("{9A19103F-16F7-4668-BE54-9A1E7A4F7556}") = "Gladiators.Common.API", "Gladiators.Common.API\Gladiators.Common.API.csproj", "{DE37C227-94DF-496D-8195-CCA95893906D}"
EndProject
Project("{9A19103F-16F7-4668-BE54-9A1E7A4F7556}") = "Gladiators.Common", "Gladiators.Common\Gladiators.Common.csproj", "{78214C85-CAAE-4BA9-8D12-069D3F771578}"
EndProject
Project("{9A19103F-16F7-4668-BE54-9A1E7A4F7556}") = "Gladiators.Application", "Gladiators.Application\Gladiators.Application.csproj", "{2F25C62A-9AB2-43C9-838E-ACF80AA64624}"
EndProject
Global
	GlobalSection(SolutionConfigurationPlatforms) = preSolution
		Debug|Any CPU = Debug|Any CPU
		Release|Any CPU = Release|Any CPU
	EndGlobalSection
	GlobalSection(ProjectConfigurationPlatforms) = postSolution
		{FE683F03-F29E-46E4-83B5-AB91F62428C3}.Debug|Any CPU.ActiveCfg = Debug|Any CPU
		{FE683F03-F29E-46E4-83B5-AB91F62428C3}.Debug|Any CPU.Build.0 = Debug|Any CPU
		{FE683F03-F29E-46E4-83B5-AB91F62428C3}.Release|Any CPU.ActiveCfg = Release|Any CPU
		{FE683F03-F29E-46E4-83B5-AB91F62428C3}.Release|Any CPU.Build.0 = Release|Any CPU
		{3943F83B-C503-4F62-886C-CDB487520597}.Debug|Any CPU.ActiveCfg = Debug|Any CPU
		{3943F83B-C503-4F62-886C-CDB487520597}.Debug|Any CPU.Build.0 = Debug|Any CPU
		{3943F83B-C503-4F62-886C-CDB487520597}.Release|Any CPU.ActiveCfg = Release|Any CPU
		{3943F83B-C503-4F62-886C-CDB487520597}.Release|Any CPU.Build.0 = Release|Any CPU
		{DE37C227-94DF-496D-8195-CCA95893906D}.Debug|Any CPU.ActiveCfg = Debug|Any CPU
		{DE37C227-94DF-496D-8195-CCA95893906D}.Debug|Any CPU.Build.0 = Debug|Any CPU
		{DE37C227-94DF-496D-8195-CCA95893906D}.Release|Any CPU.ActiveCfg = Release|Any CPU
		{DE37C227-94DF-496D-8195-CCA95893906D}.Release|Any CPU.Build.0 = Release|Any CPU
		{78214C85-CAAE-4BA9-8D12-069D3F771578}.Debug|Any CPU.ActiveCfg = Debug|Any CPU
		{78214C85-CAAE-4BA9-8D12-069D3F771578}.Debug|Any CPU.Build.0 = Debug|Any CPU
		{78214C85-CAAE-4BA9-8D12-069D3F771578}.Release|Any CPU.ActiveCfg = Release|Any CPU
		{78214C85-CAAE-4BA9-8D12-069D3F771578}.Release|Any CPU.Build.0 = Release|Any CPU
		{2F25C62A-9AB2-43C9-838E-ACF80AA64624}.Debug|Any CPU.ActiveCfg = Debug|Any CPU
		{2F25C62A-9AB2-43C9-838E-ACF80AA64624}.Debug|Any CPU.Build.0 = Debug|Any CPU
		{2F25C62A-9AB2-43C9-838E-ACF80AA64624}.Release|Any CPU.ActiveCfg = Release|Any CPU
		{2F25C62A-9AB2-43C9-838E-ACF80AA64624}.Release|Any CPU.Build.0 = Release|Any CPU
	EndGlobalSection
	GlobalSection(SolutionProperties) = preSolution
		HideSolutionNode = FALSE
	EndGlobalSection
	GlobalSection(NestedProjects) = preSolution
		{3943F83B-C503-4F62-886C-CDB487520597} = {0FF2F1C7-9FE4-45D6-9890-1890BA80BAE6}
		{DE37C227-94DF-496D-8195-CCA95893906D} = {64317DD8-D93E-47AC-9EA0-EF01DD8230E5}
		{78214C85-CAAE-4BA9-8D12-069D3F771578} = {64317DD8-D93E-47AC-9EA0-EF01DD8230E5}
		{2F25C62A-9AB2-43C9-838E-ACF80AA64624} = {0FF2F1C7-9FE4-45D6-9890-1890BA80BAE6}
	EndGlobalSection
	GlobalSection(ExtensibilityGlobals) = postSolution
		SolutionGuid = {9275BD47-9964-4B2E-B3D9-9308996AAA71}
	EndGlobalSection
EndGlobal
